
Microsoft Visual Studio Solution File, Format Version 12.00
# Visual Studio Version 16
VisualStudioVersion = 16.0.31515.178
MinimumVisualStudioVersion = 10.0.40219.1
Project("{9A19103F-16F7-4668-BE54-9A1E7A4F7556}") = "ppm", "prolificsprojectmanager\ppm.csproj", "{D1778B19-31BB-4F1C-B16B-47F26873D516}"
EndProject
Project("{9A19103F-16F7-4668-BE54-9A1E7A4F7556}") = "ppm.model", "ppm.model\ppm.model.csproj", "{28E1772F-D248-4DE2-844C-B495FFFAC5C4}"
EndProject
Project("{9A19103F-16F7-4668-BE54-9A1E7A4F7556}") = "ppm.domain", "ppm.domain\ppm.domain.csproj", "{B6667913-3907-4777-84BA-6B22CBD14218}"
EndProject
Project("{9A19103F-16F7-4668-BE54-9A1E7A4F7556}") = "ppm.ui.cli", "ppm.ui.console\ppm.ui.cli.csproj", "{A8E62DB6-503A-4A42-BC9D-39041081237D}"
EndProject
Project("{FAE04EC0-301F-11D3-BF4B-00C04F79EFBC}") = "ppm test", "ppm test\ppm test.csproj", "{0FC8F828-EFA8-4F24-AED2-C52ADA64C03B}"
EndProject
Global
	GlobalSection(SolutionConfigurationPlatforms) = preSolution
		Debug|Any CPU = Debug|Any CPU
		Release|Any CPU = Release|Any CPU
	EndGlobalSection
	GlobalSection(ProjectConfigurationPlatforms) = postSolution
		{D1778B19-31BB-4F1C-B16B-47F26873D516}.Debug|Any CPU.ActiveCfg = Debug|Any CPU
		{D1778B19-31BB-4F1C-B16B-47F26873D516}.Debug|Any CPU.Build.0 = Debug|Any CPU
		{D1778B19-31BB-4F1C-B16B-47F26873D516}.Release|Any CPU.ActiveCfg = Release|Any CPU
		{D1778B19-31BB-4F1C-B16B-47F26873D516}.Release|Any CPU.Build.0 = Release|Any CPU
		{28E1772F-D248-4DE2-844C-B495FFFAC5C4}.Debug|Any CPU.ActiveCfg = Debug|Any CPU
		{28E1772F-D248-4DE2-844C-B495FFFAC5C4}.Debug|Any CPU.Build.0 = Debug|Any CPU
		{28E1772F-D248-4DE2-844C-B495FFFAC5C4}.Release|Any CPU.ActiveCfg = Release|Any CPU
		{28E1772F-D248-4DE2-844C-B495FFFAC5C4}.Release|Any CPU.Build.0 = Release|Any CPU
		{B6667913-3907-4777-84BA-6B22CBD14218}.Debug|Any CPU.ActiveCfg = Debug|Any CPU
		{B6667913-3907-4777-84BA-6B22CBD14218}.Debug|Any CPU.Build.0 = Debug|Any CPU
		{B6667913-3907-4777-84BA-6B22CBD14218}.Release|Any CPU.ActiveCfg = Release|Any CPU
		{B6667913-3907-4777-84BA-6B22CBD14218}.Release|Any CPU.Build.0 = Release|Any CPU
		{A8E62DB6-503A-4A42-BC9D-39041081237D}.Debug|Any CPU.ActiveCfg = Debug|Any CPU
		{A8E62DB6-503A-4A42-BC9D-39041081237D}.Debug|Any CPU.Build.0 = Debug|Any CPU
		{A8E62DB6-503A-4A42-BC9D-39041081237D}.Release|Any CPU.ActiveCfg = Release|Any CPU
		{A8E62DB6-503A-4A42-BC9D-39041081237D}.Release|Any CPU.Build.0 = Release|Any CPU
		{0FC8F828-EFA8-4F24-AED2-C52ADA64C03B}.Debug|Any CPU.ActiveCfg = Debug|Any CPU
		{0FC8F828-EFA8-4F24-AED2-C52ADA64C03B}.Debug|Any CPU.Build.0 = Debug|Any CPU
		{0FC8F828-EFA8-4F24-AED2-C52ADA64C03B}.Release|Any CPU.ActiveCfg = Release|Any CPU
		{0FC8F828-EFA8-4F24-AED2-C52ADA64C03B}.Release|Any CPU.Build.0 = Release|Any CPU
	EndGlobalSection
	GlobalSection(SolutionProperties) = preSolution
		HideSolutionNode = FALSE
	EndGlobalSection
	GlobalSection(ExtensibilityGlobals) = postSolution
		SolutionGuid = {41D48437-3406-4DFA-A24C-E80E79EC6F46}
	EndGlobalSection
EndGlobal
